{
    "version": 3,
    "terraform_version": "0.11.8",
    "serial": 8,
    "lineage": "8045ccec-0880-9dbd-6a12-52cc3e0c821f",
    "modules": [
        {
            "path": [
                "root"
            ],
            "outputs": {
                "public_ip": {
                    "sensitive": false,
                    "type": "string",
                    "value": "134.209.232.128"
                }
            },
            "resources": {
                "data.digitalocean_image.islandora": {
                    "type": "digitalocean_image",
                    "depends_on": [],
                    "primary": {
                        "id": "islandora-8.0.0",
                        "attributes": {
                            "id": "islandora-8.0.0",
                            "image": "44821222",
                            "min_disk_size": "60",
                            "name": "islandora-8.0.0",
                            "private": "true",
                            "regions.#": "1",
                            "regions.0": "fra1",
                            "type": "snapshot"
                        },
                        "meta": {},
                        "tainted": false
                    },
                    "deposed": [],
                    "provider": "provider.digitalocean"
                },
                "digitalocean_droplet.islandora": {
                    "type": "digitalocean_droplet",
                    "depends_on": [
                        "data.digitalocean_image.islandora",
                        "digitalocean_ssh_key.default",
                        "digitalocean_tag.islandora"
                    ],
                    "primary": {
                        "id": "136782125",
                        "attributes": {
                            "disk": "60",
                            "id": "136782125",
                            "image": "44821222",
                            "ipv4_address": "134.209.232.128",
                            "locked": "false",
                            "name": "islandora8",
                            "price_hourly": "0.02232",
                            "price_monthly": "15",
                            "region": "fra1",
                            "resize_disk": "true",
                            "size": "s-1vcpu-3gb",
                            "ssh_keys.#": "1",
                            "ssh_keys.0": "b9:52:96:40:7a:06:e2:d8:ec:a5:c1:7b:46:a9:f5:19",
                            "status": "active",
                            "tags.#": "1",
                            "tags.0": "islandora8",
                            "vcpus": "1"
                        },
                        "meta": {},
                        "tainted": false
                    },
                    "deposed": [],
                    "provider": "provider.digitalocean"
                },
                "digitalocean_ssh_key.default": {
                    "type": "digitalocean_ssh_key",
                    "depends_on": [],
                    "primary": {
                        "id": "24198482",
                        "attributes": {
                            "fingerprint": "b9:52:96:40:7a:06:e2:d8:ec:a5:c1:7b:46:a9:f5:19",
                            "id": "24198482",
                            "name": "Default SSH key",
                            "public_key": "ssh-rsa AAAAB3NzaC1yc2EAAAABIwAAAQEAy4gSfdSdFRQo4RXM5Nx7X1ZkPM02hE5m+YBumXQLb/uVLcPIODUWF5UlpofbIeAc0YI+aGms8XHvE82VTaz7b686G9ef/sDzpB+qBiq4tKuBgzLx3vmWcv+DWSRfTbGCy82ww0d4huwLQsPMToAWHHU1Tzx9CphDXUwHNS30/GqwekP2O7Fq3peGVEaXBpVl68FxdpvKsDg3Qyt1OsF/N3RoHGsaJhYDyGUkGTlFqN7YGmnw96eX9j6gYJtje0SzrLbaFA3xnW34UN5oSov4VqouBYLCNsBywfxIK/gF9I14N+GMvEy0eYuWGtUjJaziP3xCeztxwttb2cnXAQm2qw== petrov@petrov-laptop"
                        },
                        "meta": {},
                        "tainted": false
                    },
                    "deposed": [],
                    "provider": "provider.digitalocean"
                },
                "digitalocean_tag.islandora": {
                    "type": "digitalocean_tag",
                    "depends_on": [],
                    "primary": {
                        "id": "islandora8",
                        "attributes": {
                            "id": "islandora8",
                            "name": "islandora8"
                        },
                        "meta": {},
                        "tainted": false
                    },
                    "deposed": [],
                    "provider": "provider.digitalocean"
                }
            },
            "depends_on": []
        }
    ]
}
